
Microsoft Visual Studio Solution File, Format Version 12.00
# Visual Studio Version 16
VisualStudioVersion = 16.0.30711.63
MinimumVisualStudioVersion = 10.0.40219.1
Project("{9A19103F-16F7-4668-BE54-9A1E7A4F7556}") = "DesignPatternsLibrary", "DesignPatternsLibrary\DesignPatternsLibrary.csproj", "{60C3B7E4-E290-47F4-A3C0-4F9505DE926F}"
EndProject
Project("{2150E333-8FDC-42A3-9474-1A3956D46DE8}") = "BehavioralPatterns", "BehavioralPatterns", "{3FE65E51-30B0-47A3-B4E7-F89721D5F8A2}"
EndProject
Project("{2150E333-8FDC-42A3-9474-1A3956D46DE8}") = "CreationalPatterns", "CreationalPatterns", "{C37279A6-C320-46CF-9DAD-BA14DCB91705}"
EndProject
Project("{2150E333-8FDC-42A3-9474-1A3956D46DE8}") = "StructuralPatterns", "StructuralPatterns", "{1781BBBF-5241-451D-8170-93B0C3EFD8D5}"
EndProject
Project("{2150E333-8FDC-42A3-9474-1A3956D46DE8}") = "OtherPatterns", "OtherPatterns", "{15B15698-CB27-4F30-884C-25C2C1D50202}"
EndProject
Project("{2150E333-8FDC-42A3-9474-1A3956D46DE8}") = "Singleton", "Singleton", "{AC5E9989-20E0-44B3-A9C8-CD7AC0E7532F}"
EndProject
Project("{9A19103F-16F7-4668-BE54-9A1E7A4F7556}") = "BuildingBlocks", "BuildingBlocks\BuildingBlocks.csproj", "{1CA5ED9E-D727-459B-8EB2-C7E9D5941F85}"
EndProject
Project("{9A19103F-16F7-4668-BE54-9A1E7A4F7556}") = "Greeter", "CreationalPatterns\Singleton\Greeter\Greeter.csproj", "{B7BD1BB5-F249-4FB4-B2EF-554DC08659BE}"
EndProject
Project("{2150E333-8FDC-42A3-9474-1A3956D46DE8}") = "FactoryMethod", "FactoryMethod", "{E94A92BC-C471-4177-84CD-A5C469F1A016}"
EndProject
Project("{2150E333-8FDC-42A3-9474-1A3956D46DE8}") = "AbstractFactory", "AbstractFactory", "{9CDB7827-42C4-4139-8354-8C54C2667928}"
EndProject
Project("{9A19103F-16F7-4668-BE54-9A1E7A4F7556}") = "RestaurantManagement", "CreationalPatterns\FactoryMethod\RestaurantManagement\RestaurantManagement.csproj", "{E252F312-FFAE-4257-9DE3-1033D75AE1AD}"
EndProject
Project("{9A19103F-16F7-4668-BE54-9A1E7A4F7556}") = "RestaurantAbstractFactory", "CreationalPatterns\AbstractFactory\RestaurantAbstractFactory\RestaurantAbstractFactory.csproj", "{E9425B44-FF50-4D9C-8D69-6D1BD40E3258}"
EndProject
Project("{9A19103F-16F7-4668-BE54-9A1E7A4F7556}") = "MealSimpleFactory", "CreationalPatterns\AbstractFactory\MealSimpleFactory\MealSimpleFactory.csproj", "{4E1ACF2C-FC7B-44A3-B235-C688B88DF2BB}"
EndProject
Project("{2150E333-8FDC-42A3-9474-1A3956D46DE8}") = "Builder", "Builder", "{5952D57F-EC87-4585-B470-B07111636080}"
EndProject
Project("{9A19103F-16F7-4668-BE54-9A1E7A4F7556}") = "CustomSandwichBuilder", "CreationalPatterns\Builder\CustomSandwichBuilder\CustomSandwichBuilder.csproj", "{5AE4C09C-330B-4E56-B242-AB0BC984F7C8}"
EndProject
Project("{2150E333-8FDC-42A3-9474-1A3956D46DE8}") = "Prototype", "Prototype", "{52FEA7DF-C5F1-4E13-80C4-C76331D1BD7F}"
EndProject
Project("{9A19103F-16F7-4668-BE54-9A1E7A4F7556}") = "PrototypeLibrary", "CreationalPatterns\Prototype\PrototypeLibrary\PrototypeLibrary.csproj", "{D563A36B-CBE9-4974-AF41-3867E124F8A0}"
EndProject
Project("{2150E333-8FDC-42A3-9474-1A3956D46DE8}") = "Adapter", "Adapter", "{5064A5A9-6116-4112-A88F-BB1FEAB14FAE}"
EndProject
Project("{9A19103F-16F7-4668-BE54-9A1E7A4F7556}") = "AdapterLibrary", "StructuralPatterns\Adapter\AdapterLibrary\AdapterLibrary.csproj", "{83360B88-2DA6-4A76-AF48-8CF15AF1AC6B}"
EndProject
Project("{2150E333-8FDC-42A3-9474-1A3956D46DE8}") = "Bridge", "Bridge", "{EB0304B8-0353-4748-8FF6-2A5A79D090C9}"
EndProject
Project("{9A19103F-16F7-4668-BE54-9A1E7A4F7556}") = "BridgeLibrary", "StructuralPatterns\Bridge\BridgeLibrary\BridgeLibrary.csproj", "{F9FBF40E-5015-477D-B6E2-7F552194A7F5}"
EndProject
Project("{2150E333-8FDC-42A3-9474-1A3956D46DE8}") = "Composite", "Composite", "{2AD3D840-4B10-4629-8DF8-D61A5BC6832C}"
EndProject
Project("{9A19103F-16F7-4668-BE54-9A1E7A4F7556}") = "CompositeLibrary", "StructuralPatterns\Composite\CompositeLibrary\CompositeLibrary.csproj", "{7A489C34-84EE-4654-89A2-55998CD8FA68}"
EndProject
Project("{2150E333-8FDC-42A3-9474-1A3956D46DE8}") = "Decorator", "Decorator", "{35B5FF74-75F2-48DD-8DB2-BE2858028D3D}"
EndProject
Project("{9A19103F-16F7-4668-BE54-9A1E7A4F7556}") = "DecoratorLibrary", "StructuralPatterns\Decorator\DecoratorLibrary\DecoratorLibrary.csproj", "{FD66F529-8043-4CC0-9B52-26D298DCB353}"
EndProject
Project("{2150E333-8FDC-42A3-9474-1A3956D46DE8}") = "Facade", "Facade", "{B5FB2DC2-2237-4DA2-AC99-6F01414598F1}"
EndProject
Project("{9A19103F-16F7-4668-BE54-9A1E7A4F7556}") = "FacadeLibrary", "StructuralPatterns\Facade\FacadeLibrary\FacadeLibrary.csproj", "{B6F005BF-6356-4209-933A-5D8E8A5FBBFF}"
EndProject
Project("{2150E333-8FDC-42A3-9474-1A3956D46DE8}") = "Flyweight", "Flyweight", "{EB8B8272-9CEC-42FC-880B-E416198E5F83}"
EndProject
Project("{9A19103F-16F7-4668-BE54-9A1E7A4F7556}") = "FlyweightLibrary", "StructuralPatterns\Flyweight\FlyweightLibrary\FlyweightLibrary.csproj", "{892FB429-625A-4557-8AD1-6B37A4639775}"
EndProject
Project("{2150E333-8FDC-42A3-9474-1A3956D46DE8}") = "Proxy", "Proxy", "{888AD61D-C4D3-4180-AE55-2B3B30BC02FC}"
EndProject
Project("{9A19103F-16F7-4668-BE54-9A1E7A4F7556}") = "ProxyLibrary", "StructuralPatterns\Proxy\ProxyLibrary\ProxyLibrary.csproj", "{8D1176DE-43B3-4213-A95D-645E5E65AD67}"
EndProject
Project("{2150E333-8FDC-42A3-9474-1A3956D46DE8}") = "ChainOfResponsibility", "ChainOfResponsibility", "{F874C76F-ED2C-47A3-AFEC-DFE30619C179}"
EndProject
Project("{9A19103F-16F7-4668-BE54-9A1E7A4F7556}") = "ChainOfResponsibilityLibrary", "BehavioralPatterns\ChainOfResponsibility\ChainOfResponsibilityLibrary\ChainOfResponsibilityLibrary.csproj", "{979B871F-9CF7-4576-B846-CD83FD9898F2}"
EndProject
Project("{2150E333-8FDC-42A3-9474-1A3956D46DE8}") = "Command", "Command", "{A7BDA69B-B9EE-4D26-BF08-A13E178F9736}"
EndProject
Project("{9A19103F-16F7-4668-BE54-9A1E7A4F7556}") = "CommandLibrary", "BehavioralPatterns\Command\CommandLibrary\CommandLibrary.csproj", "{0FBA758C-7E6A-4A9B-A81F-EBEA099FEB06}"
EndProject
Project("{2150E333-8FDC-42A3-9474-1A3956D46DE8}") = "Iterator", "Iterator", "{7D5342EA-71DC-4C61-B21B-6F709B3431FD}"
EndProject
Project("{9A19103F-16F7-4668-BE54-9A1E7A4F7556}") = "IteratorLibrary", "BehavioralPatterns\Iterator\IteratorLibrary\IteratorLibrary.csproj", "{601EF611-23D6-4348-A3CB-C745324FDD33}"
EndProject
Project("{2150E333-8FDC-42A3-9474-1A3956D46DE8}") = "Mediator", "Mediator", "{45148103-5EF6-4BE1-B53F-BFE45774F1A9}"
EndProject
Project("{9A19103F-16F7-4668-BE54-9A1E7A4F7556}") = "MediatorLibrary", "BehavioralPatterns\Mediator\MediatorLibrary\MediatorLibrary.csproj", "{C46E63E8-E97A-4C4E-B84E-38C57401AD3E}"
EndProject
Project("{2150E333-8FDC-42A3-9474-1A3956D46DE8}") = "Memento", "Memento", "{D0E59752-8E58-4446-8C43-A22D7F09C297}"
EndProject
Project("{FAE04EC0-301F-11D3-BF4B-00C04F79EFBC}") = "MementoLibrary", "BehavioralPatterns\Memento\MementoLibrary\MementoLibrary.csproj", "{5822E284-7634-44E1-8843-393971CBB11B}"
EndProject
Global
	GlobalSection(SolutionConfigurationPlatforms) = preSolution
		Debug|Any CPU = Debug|Any CPU
		Release|Any CPU = Release|Any CPU
	EndGlobalSection
	GlobalSection(ProjectConfigurationPlatforms) = postSolution
		{60C3B7E4-E290-47F4-A3C0-4F9505DE926F}.Debug|Any CPU.ActiveCfg = Debug|Any CPU
		{60C3B7E4-E290-47F4-A3C0-4F9505DE926F}.Debug|Any CPU.Build.0 = Debug|Any CPU
		{60C3B7E4-E290-47F4-A3C0-4F9505DE926F}.Release|Any CPU.ActiveCfg = Release|Any CPU
		{60C3B7E4-E290-47F4-A3C0-4F9505DE926F}.Release|Any CPU.Build.0 = Release|Any CPU
		{1CA5ED9E-D727-459B-8EB2-C7E9D5941F85}.Debug|Any CPU.ActiveCfg = Debug|Any CPU
		{1CA5ED9E-D727-459B-8EB2-C7E9D5941F85}.Debug|Any CPU.Build.0 = Debug|Any CPU
		{1CA5ED9E-D727-459B-8EB2-C7E9D5941F85}.Release|Any CPU.ActiveCfg = Release|Any CPU
		{1CA5ED9E-D727-459B-8EB2-C7E9D5941F85}.Release|Any CPU.Build.0 = Release|Any CPU
		{B7BD1BB5-F249-4FB4-B2EF-554DC08659BE}.Debug|Any CPU.ActiveCfg = Debug|Any CPU
		{B7BD1BB5-F249-4FB4-B2EF-554DC08659BE}.Debug|Any CPU.Build.0 = Debug|Any CPU
		{B7BD1BB5-F249-4FB4-B2EF-554DC08659BE}.Release|Any CPU.ActiveCfg = Release|Any CPU
		{B7BD1BB5-F249-4FB4-B2EF-554DC08659BE}.Release|Any CPU.Build.0 = Release|Any CPU
		{E252F312-FFAE-4257-9DE3-1033D75AE1AD}.Debug|Any CPU.ActiveCfg = Debug|Any CPU
		{E252F312-FFAE-4257-9DE3-1033D75AE1AD}.Debug|Any CPU.Build.0 = Debug|Any CPU
		{E252F312-FFAE-4257-9DE3-1033D75AE1AD}.Release|Any CPU.ActiveCfg = Release|Any CPU
		{E252F312-FFAE-4257-9DE3-1033D75AE1AD}.Release|Any CPU.Build.0 = Release|Any CPU
		{E9425B44-FF50-4D9C-8D69-6D1BD40E3258}.Debug|Any CPU.ActiveCfg = Debug|Any CPU
		{E9425B44-FF50-4D9C-8D69-6D1BD40E3258}.Debug|Any CPU.Build.0 = Debug|Any CPU
		{E9425B44-FF50-4D9C-8D69-6D1BD40E3258}.Release|Any CPU.ActiveCfg = Release|Any CPU
		{E9425B44-FF50-4D9C-8D69-6D1BD40E3258}.Release|Any CPU.Build.0 = Release|Any CPU
		{4E1ACF2C-FC7B-44A3-B235-C688B88DF2BB}.Debug|Any CPU.ActiveCfg = Debug|Any CPU
		{4E1ACF2C-FC7B-44A3-B235-C688B88DF2BB}.Debug|Any CPU.Build.0 = Debug|Any CPU
		{4E1ACF2C-FC7B-44A3-B235-C688B88DF2BB}.Release|Any CPU.ActiveCfg = Release|Any CPU
		{4E1ACF2C-FC7B-44A3-B235-C688B88DF2BB}.Release|Any CPU.Build.0 = Release|Any CPU
		{5AE4C09C-330B-4E56-B242-AB0BC984F7C8}.Debug|Any CPU.ActiveCfg = Debug|Any CPU
		{5AE4C09C-330B-4E56-B242-AB0BC984F7C8}.Debug|Any CPU.Build.0 = Debug|Any CPU
		{5AE4C09C-330B-4E56-B242-AB0BC984F7C8}.Release|Any CPU.ActiveCfg = Release|Any CPU
		{5AE4C09C-330B-4E56-B242-AB0BC984F7C8}.Release|Any CPU.Build.0 = Release|Any CPU
		{D563A36B-CBE9-4974-AF41-3867E124F8A0}.Debug|Any CPU.ActiveCfg = Debug|Any CPU
		{D563A36B-CBE9-4974-AF41-3867E124F8A0}.Debug|Any CPU.Build.0 = Debug|Any CPU
		{D563A36B-CBE9-4974-AF41-3867E124F8A0}.Release|Any CPU.ActiveCfg = Release|Any CPU
		{D563A36B-CBE9-4974-AF41-3867E124F8A0}.Release|Any CPU.Build.0 = Release|Any CPU
		{83360B88-2DA6-4A76-AF48-8CF15AF1AC6B}.Debug|Any CPU.ActiveCfg = Debug|Any CPU
		{83360B88-2DA6-4A76-AF48-8CF15AF1AC6B}.Debug|Any CPU.Build.0 = Debug|Any CPU
		{83360B88-2DA6-4A76-AF48-8CF15AF1AC6B}.Release|Any CPU.ActiveCfg = Release|Any CPU
		{83360B88-2DA6-4A76-AF48-8CF15AF1AC6B}.Release|Any CPU.Build.0 = Release|Any CPU
		{F9FBF40E-5015-477D-B6E2-7F552194A7F5}.Debug|Any CPU.ActiveCfg = Debug|Any CPU
		{F9FBF40E-5015-477D-B6E2-7F552194A7F5}.Debug|Any CPU.Build.0 = Debug|Any CPU
		{F9FBF40E-5015-477D-B6E2-7F552194A7F5}.Release|Any CPU.ActiveCfg = Release|Any CPU
		{F9FBF40E-5015-477D-B6E2-7F552194A7F5}.Release|Any CPU.Build.0 = Release|Any CPU
		{7A489C34-84EE-4654-89A2-55998CD8FA68}.Debug|Any CPU.ActiveCfg = Debug|Any CPU
		{7A489C34-84EE-4654-89A2-55998CD8FA68}.Debug|Any CPU.Build.0 = Debug|Any CPU
		{7A489C34-84EE-4654-89A2-55998CD8FA68}.Release|Any CPU.ActiveCfg = Release|Any CPU
		{7A489C34-84EE-4654-89A2-55998CD8FA68}.Release|Any CPU.Build.0 = Release|Any CPU
		{FD66F529-8043-4CC0-9B52-26D298DCB353}.Debug|Any CPU.ActiveCfg = Debug|Any CPU
		{FD66F529-8043-4CC0-9B52-26D298DCB353}.Debug|Any CPU.Build.0 = Debug|Any CPU
		{FD66F529-8043-4CC0-9B52-26D298DCB353}.Release|Any CPU.ActiveCfg = Release|Any CPU
		{FD66F529-8043-4CC0-9B52-26D298DCB353}.Release|Any CPU.Build.0 = Release|Any CPU
		{B6F005BF-6356-4209-933A-5D8E8A5FBBFF}.Debug|Any CPU.ActiveCfg = Debug|Any CPU
		{B6F005BF-6356-4209-933A-5D8E8A5FBBFF}.Debug|Any CPU.Build.0 = Debug|Any CPU
		{B6F005BF-6356-4209-933A-5D8E8A5FBBFF}.Release|Any CPU.ActiveCfg = Release|Any CPU
		{B6F005BF-6356-4209-933A-5D8E8A5FBBFF}.Release|Any CPU.Build.0 = Release|Any CPU
		{892FB429-625A-4557-8AD1-6B37A4639775}.Debug|Any CPU.ActiveCfg = Debug|Any CPU
		{892FB429-625A-4557-8AD1-6B37A4639775}.Debug|Any CPU.Build.0 = Debug|Any CPU
		{892FB429-625A-4557-8AD1-6B37A4639775}.Release|Any CPU.ActiveCfg = Release|Any CPU
		{892FB429-625A-4557-8AD1-6B37A4639775}.Release|Any CPU.Build.0 = Release|Any CPU
		{8D1176DE-43B3-4213-A95D-645E5E65AD67}.Debug|Any CPU.ActiveCfg = Debug|Any CPU
		{8D1176DE-43B3-4213-A95D-645E5E65AD67}.Debug|Any CPU.Build.0 = Debug|Any CPU
		{8D1176DE-43B3-4213-A95D-645E5E65AD67}.Release|Any CPU.ActiveCfg = Release|Any CPU
		{8D1176DE-43B3-4213-A95D-645E5E65AD67}.Release|Any CPU.Build.0 = Release|Any CPU
		{979B871F-9CF7-4576-B846-CD83FD9898F2}.Debug|Any CPU.ActiveCfg = Debug|Any CPU
		{979B871F-9CF7-4576-B846-CD83FD9898F2}.Debug|Any CPU.Build.0 = Debug|Any CPU
		{979B871F-9CF7-4576-B846-CD83FD9898F2}.Release|Any CPU.ActiveCfg = Release|Any CPU
		{979B871F-9CF7-4576-B846-CD83FD9898F2}.Release|Any CPU.Build.0 = Release|Any CPU
		{0FBA758C-7E6A-4A9B-A81F-EBEA099FEB06}.Debug|Any CPU.ActiveCfg = Debug|Any CPU
		{0FBA758C-7E6A-4A9B-A81F-EBEA099FEB06}.Debug|Any CPU.Build.0 = Debug|Any CPU
		{0FBA758C-7E6A-4A9B-A81F-EBEA099FEB06}.Release|Any CPU.ActiveCfg = Release|Any CPU
		{0FBA758C-7E6A-4A9B-A81F-EBEA099FEB06}.Release|Any CPU.Build.0 = Release|Any CPU
		{601EF611-23D6-4348-A3CB-C745324FDD33}.Debug|Any CPU.ActiveCfg = Debug|Any CPU
		{601EF611-23D6-4348-A3CB-C745324FDD33}.Debug|Any CPU.Build.0 = Debug|Any CPU
		{601EF611-23D6-4348-A3CB-C745324FDD33}.Release|Any CPU.ActiveCfg = Release|Any CPU
		{601EF611-23D6-4348-A3CB-C745324FDD33}.Release|Any CPU.Build.0 = Release|Any CPU
		{C46E63E8-E97A-4C4E-B84E-38C57401AD3E}.Debug|Any CPU.ActiveCfg = Debug|Any CPU
		{C46E63E8-E97A-4C4E-B84E-38C57401AD3E}.Debug|Any CPU.Build.0 = Debug|Any CPU
		{C46E63E8-E97A-4C4E-B84E-38C57401AD3E}.Release|Any CPU.ActiveCfg = Release|Any CPU
		{C46E63E8-E97A-4C4E-B84E-38C57401AD3E}.Release|Any CPU.Build.0 = Release|Any CPU
		{5822E284-7634-44E1-8843-393971CBB11B}.Debug|Any CPU.ActiveCfg = Debug|Any CPU
		{5822E284-7634-44E1-8843-393971CBB11B}.Debug|Any CPU.Build.0 = Debug|Any CPU
		{5822E284-7634-44E1-8843-393971CBB11B}.Release|Any CPU.ActiveCfg = Release|Any CPU
		{5822E284-7634-44E1-8843-393971CBB11B}.Release|Any CPU.Build.0 = Release|Any CPU
	EndGlobalSection
	GlobalSection(SolutionProperties) = preSolution
		HideSolutionNode = FALSE
	EndGlobalSection
	GlobalSection(NestedProjects) = preSolution
		{AC5E9989-20E0-44B3-A9C8-CD7AC0E7532F} = {C37279A6-C320-46CF-9DAD-BA14DCB91705}
		{B7BD1BB5-F249-4FB4-B2EF-554DC08659BE} = {AC5E9989-20E0-44B3-A9C8-CD7AC0E7532F}
		{E94A92BC-C471-4177-84CD-A5C469F1A016} = {C37279A6-C320-46CF-9DAD-BA14DCB91705}
		{9CDB7827-42C4-4139-8354-8C54C2667928} = {C37279A6-C320-46CF-9DAD-BA14DCB91705}
		{E252F312-FFAE-4257-9DE3-1033D75AE1AD} = {E94A92BC-C471-4177-84CD-A5C469F1A016}
		{E9425B44-FF50-4D9C-8D69-6D1BD40E3258} = {9CDB7827-42C4-4139-8354-8C54C2667928}
		{4E1ACF2C-FC7B-44A3-B235-C688B88DF2BB} = {9CDB7827-42C4-4139-8354-8C54C2667928}
		{5952D57F-EC87-4585-B470-B07111636080} = {C37279A6-C320-46CF-9DAD-BA14DCB91705}
		{5AE4C09C-330B-4E56-B242-AB0BC984F7C8} = {5952D57F-EC87-4585-B470-B07111636080}
		{52FEA7DF-C5F1-4E13-80C4-C76331D1BD7F} = {C37279A6-C320-46CF-9DAD-BA14DCB91705}
		{D563A36B-CBE9-4974-AF41-3867E124F8A0} = {52FEA7DF-C5F1-4E13-80C4-C76331D1BD7F}
		{5064A5A9-6116-4112-A88F-BB1FEAB14FAE} = {1781BBBF-5241-451D-8170-93B0C3EFD8D5}
		{83360B88-2DA6-4A76-AF48-8CF15AF1AC6B} = {5064A5A9-6116-4112-A88F-BB1FEAB14FAE}
		{EB0304B8-0353-4748-8FF6-2A5A79D090C9} = {1781BBBF-5241-451D-8170-93B0C3EFD8D5}
		{F9FBF40E-5015-477D-B6E2-7F552194A7F5} = {EB0304B8-0353-4748-8FF6-2A5A79D090C9}
		{2AD3D840-4B10-4629-8DF8-D61A5BC6832C} = {1781BBBF-5241-451D-8170-93B0C3EFD8D5}
		{7A489C34-84EE-4654-89A2-55998CD8FA68} = {2AD3D840-4B10-4629-8DF8-D61A5BC6832C}
		{35B5FF74-75F2-48DD-8DB2-BE2858028D3D} = {1781BBBF-5241-451D-8170-93B0C3EFD8D5}
		{FD66F529-8043-4CC0-9B52-26D298DCB353} = {35B5FF74-75F2-48DD-8DB2-BE2858028D3D}
		{B5FB2DC2-2237-4DA2-AC99-6F01414598F1} = {1781BBBF-5241-451D-8170-93B0C3EFD8D5}
		{B6F005BF-6356-4209-933A-5D8E8A5FBBFF} = {B5FB2DC2-2237-4DA2-AC99-6F01414598F1}
		{EB8B8272-9CEC-42FC-880B-E416198E5F83} = {1781BBBF-5241-451D-8170-93B0C3EFD8D5}
		{892FB429-625A-4557-8AD1-6B37A4639775} = {EB8B8272-9CEC-42FC-880B-E416198E5F83}
		{888AD61D-C4D3-4180-AE55-2B3B30BC02FC} = {1781BBBF-5241-451D-8170-93B0C3EFD8D5}
		{8D1176DE-43B3-4213-A95D-645E5E65AD67} = {888AD61D-C4D3-4180-AE55-2B3B30BC02FC}
		{F874C76F-ED2C-47A3-AFEC-DFE30619C179} = {3FE65E51-30B0-47A3-B4E7-F89721D5F8A2}
		{979B871F-9CF7-4576-B846-CD83FD9898F2} = {F874C76F-ED2C-47A3-AFEC-DFE30619C179}
		{A7BDA69B-B9EE-4D26-BF08-A13E178F9736} = {3FE65E51-30B0-47A3-B4E7-F89721D5F8A2}
		{0FBA758C-7E6A-4A9B-A81F-EBEA099FEB06} = {A7BDA69B-B9EE-4D26-BF08-A13E178F9736}
		{7D5342EA-71DC-4C61-B21B-6F709B3431FD} = {3FE65E51-30B0-47A3-B4E7-F89721D5F8A2}
		{601EF611-23D6-4348-A3CB-C745324FDD33} = {7D5342EA-71DC-4C61-B21B-6F709B3431FD}
		{45148103-5EF6-4BE1-B53F-BFE45774F1A9} = {3FE65E51-30B0-47A3-B4E7-F89721D5F8A2}
		{C46E63E8-E97A-4C4E-B84E-38C57401AD3E} = {45148103-5EF6-4BE1-B53F-BFE45774F1A9}
		{D0E59752-8E58-4446-8C43-A22D7F09C297} = {3FE65E51-30B0-47A3-B4E7-F89721D5F8A2}
		{5822E284-7634-44E1-8843-393971CBB11B} = {D0E59752-8E58-4446-8C43-A22D7F09C297}
	EndGlobalSection
	GlobalSection(ExtensibilityGlobals) = postSolution
		SolutionGuid = {F9238CD9-9068-4B63-8D9E-53684BA60A21}
	EndGlobalSection
EndGlobal
