
Microsoft Visual Studio Solution File, Format Version 12.00
# Visual Studio Version 16
VisualStudioVersion = 16.0.30711.63
MinimumVisualStudioVersion = 10.0.40219.1
Project("{9A19103F-16F7-4668-BE54-9A1E7A4F7556}") = "DesignPatternsLibrary", "DesignPatternsLibrary\DesignPatternsLibrary.csproj", "{60C3B7E4-E290-47F4-A3C0-4F9505DE926F}"
EndProject
Project("{2150E333-8FDC-42A3-9474-1A3956D46DE8}") = "BehavioralPatterns", "BehavioralPatterns", "{3FE65E51-30B0-47A3-B4E7-F89721D5F8A2}"
EndProject
Project("{2150E333-8FDC-42A3-9474-1A3956D46DE8}") = "CreationalPatterns", "CreationalPatterns", "{C37279A6-C320-46CF-9DAD-BA14DCB91705}"
EndProject
Project("{2150E333-8FDC-42A3-9474-1A3956D46DE8}") = "StructuralPatterns", "StructuralPatterns", "{1781BBBF-5241-451D-8170-93B0C3EFD8D5}"
EndProject
Project("{2150E333-8FDC-42A3-9474-1A3956D46DE8}") = "OtherPatterns", "OtherPatterns", "{15B15698-CB27-4F30-884C-25C2C1D50202}"
EndProject
Project("{2150E333-8FDC-42A3-9474-1A3956D46DE8}") = "Singleton", "Singleton", "{AC5E9989-20E0-44B3-A9C8-CD7AC0E7532F}"
EndProject
Project("{9A19103F-16F7-4668-BE54-9A1E7A4F7556}") = "BuildingBlocks", "BuildingBlocks\BuildingBlocks.csproj", "{1CA5ED9E-D727-459B-8EB2-C7E9D5941F85}"
EndProject
Project("{9A19103F-16F7-4668-BE54-9A1E7A4F7556}") = "Greeter", "CreationalPatterns\Singleton\Greeter\Greeter.csproj", "{B7BD1BB5-F249-4FB4-B2EF-554DC08659BE}"
EndProject
Project("{2150E333-8FDC-42A3-9474-1A3956D46DE8}") = "FactoryMethod", "FactoryMethod", "{E94A92BC-C471-4177-84CD-A5C469F1A016}"
EndProject
Project("{2150E333-8FDC-42A3-9474-1A3956D46DE8}") = "AbstractFactory", "AbstractFactory", "{9CDB7827-42C4-4139-8354-8C54C2667928}"
EndProject
Project("{9A19103F-16F7-4668-BE54-9A1E7A4F7556}") = "RestaurantManagement", "CreationalPatterns\FactoryMethod\RestaurantManagement\RestaurantManagement.csproj", "{E252F312-FFAE-4257-9DE3-1033D75AE1AD}"
EndProject
Project("{9A19103F-16F7-4668-BE54-9A1E7A4F7556}") = "RestaurantAbstractFactory", "CreationalPatterns\AbstractFactory\RestaurantAbstractFactory\RestaurantAbstractFactory.csproj", "{E9425B44-FF50-4D9C-8D69-6D1BD40E3258}"
EndProject
Project("{9A19103F-16F7-4668-BE54-9A1E7A4F7556}") = "MealSimpleFactory", "CreationalPatterns\AbstractFactory\MealSimpleFactory\MealSimpleFactory.csproj", "{4E1ACF2C-FC7B-44A3-B235-C688B88DF2BB}"
EndProject
Project("{2150E333-8FDC-42A3-9474-1A3956D46DE8}") = "Builder", "Builder", "{5952D57F-EC87-4585-B470-B07111636080}"
EndProject
Project("{9A19103F-16F7-4668-BE54-9A1E7A4F7556}") = "CustomSandwichBuilder", "CreationalPatterns\Builder\CustomSandwichBuilder\CustomSandwichBuilder.csproj", "{5AE4C09C-330B-4E56-B242-AB0BC984F7C8}"
EndProject
Project("{2150E333-8FDC-42A3-9474-1A3956D46DE8}") = "Prototype", "Prototype", "{52FEA7DF-C5F1-4E13-80C4-C76331D1BD7F}"
EndProject
Project("{FAE04EC0-301F-11D3-BF4B-00C04F79EFBC}") = "PrototypeLibrary", "CreationalPatterns\Prototype\PrototypeLibrary\PrototypeLibrary.csproj", "{D563A36B-CBE9-4974-AF41-3867E124F8A0}"
EndProject
Global
	GlobalSection(SolutionConfigurationPlatforms) = preSolution
		Debug|Any CPU = Debug|Any CPU
		Release|Any CPU = Release|Any CPU
	EndGlobalSection
	GlobalSection(ProjectConfigurationPlatforms) = postSolution
		{60C3B7E4-E290-47F4-A3C0-4F9505DE926F}.Debug|Any CPU.ActiveCfg = Debug|Any CPU
		{60C3B7E4-E290-47F4-A3C0-4F9505DE926F}.Debug|Any CPU.Build.0 = Debug|Any CPU
		{60C3B7E4-E290-47F4-A3C0-4F9505DE926F}.Release|Any CPU.ActiveCfg = Release|Any CPU
		{60C3B7E4-E290-47F4-A3C0-4F9505DE926F}.Release|Any CPU.Build.0 = Release|Any CPU
		{1CA5ED9E-D727-459B-8EB2-C7E9D5941F85}.Debug|Any CPU.ActiveCfg = Debug|Any CPU
		{1CA5ED9E-D727-459B-8EB2-C7E9D5941F85}.Debug|Any CPU.Build.0 = Debug|Any CPU
		{1CA5ED9E-D727-459B-8EB2-C7E9D5941F85}.Release|Any CPU.ActiveCfg = Release|Any CPU
		{1CA5ED9E-D727-459B-8EB2-C7E9D5941F85}.Release|Any CPU.Build.0 = Release|Any CPU
		{B7BD1BB5-F249-4FB4-B2EF-554DC08659BE}.Debug|Any CPU.ActiveCfg = Debug|Any CPU
		{B7BD1BB5-F249-4FB4-B2EF-554DC08659BE}.Debug|Any CPU.Build.0 = Debug|Any CPU
		{B7BD1BB5-F249-4FB4-B2EF-554DC08659BE}.Release|Any CPU.ActiveCfg = Release|Any CPU
		{B7BD1BB5-F249-4FB4-B2EF-554DC08659BE}.Release|Any CPU.Build.0 = Release|Any CPU
		{E252F312-FFAE-4257-9DE3-1033D75AE1AD}.Debug|Any CPU.ActiveCfg = Debug|Any CPU
		{E252F312-FFAE-4257-9DE3-1033D75AE1AD}.Debug|Any CPU.Build.0 = Debug|Any CPU
		{E252F312-FFAE-4257-9DE3-1033D75AE1AD}.Release|Any CPU.ActiveCfg = Release|Any CPU
		{E252F312-FFAE-4257-9DE3-1033D75AE1AD}.Release|Any CPU.Build.0 = Release|Any CPU
		{E9425B44-FF50-4D9C-8D69-6D1BD40E3258}.Debug|Any CPU.ActiveCfg = Debug|Any CPU
		{E9425B44-FF50-4D9C-8D69-6D1BD40E3258}.Debug|Any CPU.Build.0 = Debug|Any CPU
		{E9425B44-FF50-4D9C-8D69-6D1BD40E3258}.Release|Any CPU.ActiveCfg = Release|Any CPU
		{E9425B44-FF50-4D9C-8D69-6D1BD40E3258}.Release|Any CPU.Build.0 = Release|Any CPU
		{4E1ACF2C-FC7B-44A3-B235-C688B88DF2BB}.Debug|Any CPU.ActiveCfg = Debug|Any CPU
		{4E1ACF2C-FC7B-44A3-B235-C688B88DF2BB}.Debug|Any CPU.Build.0 = Debug|Any CPU
		{4E1ACF2C-FC7B-44A3-B235-C688B88DF2BB}.Release|Any CPU.ActiveCfg = Release|Any CPU
		{4E1ACF2C-FC7B-44A3-B235-C688B88DF2BB}.Release|Any CPU.Build.0 = Release|Any CPU
		{5AE4C09C-330B-4E56-B242-AB0BC984F7C8}.Debug|Any CPU.ActiveCfg = Debug|Any CPU
		{5AE4C09C-330B-4E56-B242-AB0BC984F7C8}.Debug|Any CPU.Build.0 = Debug|Any CPU
		{5AE4C09C-330B-4E56-B242-AB0BC984F7C8}.Release|Any CPU.ActiveCfg = Release|Any CPU
		{5AE4C09C-330B-4E56-B242-AB0BC984F7C8}.Release|Any CPU.Build.0 = Release|Any CPU
		{D563A36B-CBE9-4974-AF41-3867E124F8A0}.Debug|Any CPU.ActiveCfg = Debug|Any CPU
		{D563A36B-CBE9-4974-AF41-3867E124F8A0}.Debug|Any CPU.Build.0 = Debug|Any CPU
		{D563A36B-CBE9-4974-AF41-3867E124F8A0}.Release|Any CPU.ActiveCfg = Release|Any CPU
		{D563A36B-CBE9-4974-AF41-3867E124F8A0}.Release|Any CPU.Build.0 = Release|Any CPU
	EndGlobalSection
	GlobalSection(SolutionProperties) = preSolution
		HideSolutionNode = FALSE
	EndGlobalSection
	GlobalSection(NestedProjects) = preSolution
		{AC5E9989-20E0-44B3-A9C8-CD7AC0E7532F} = {C37279A6-C320-46CF-9DAD-BA14DCB91705}
		{B7BD1BB5-F249-4FB4-B2EF-554DC08659BE} = {AC5E9989-20E0-44B3-A9C8-CD7AC0E7532F}
		{E94A92BC-C471-4177-84CD-A5C469F1A016} = {C37279A6-C320-46CF-9DAD-BA14DCB91705}
		{9CDB7827-42C4-4139-8354-8C54C2667928} = {C37279A6-C320-46CF-9DAD-BA14DCB91705}
		{E252F312-FFAE-4257-9DE3-1033D75AE1AD} = {E94A92BC-C471-4177-84CD-A5C469F1A016}
		{E9425B44-FF50-4D9C-8D69-6D1BD40E3258} = {9CDB7827-42C4-4139-8354-8C54C2667928}
		{4E1ACF2C-FC7B-44A3-B235-C688B88DF2BB} = {9CDB7827-42C4-4139-8354-8C54C2667928}
		{5952D57F-EC87-4585-B470-B07111636080} = {C37279A6-C320-46CF-9DAD-BA14DCB91705}
		{5AE4C09C-330B-4E56-B242-AB0BC984F7C8} = {5952D57F-EC87-4585-B470-B07111636080}
		{52FEA7DF-C5F1-4E13-80C4-C76331D1BD7F} = {C37279A6-C320-46CF-9DAD-BA14DCB91705}
		{D563A36B-CBE9-4974-AF41-3867E124F8A0} = {52FEA7DF-C5F1-4E13-80C4-C76331D1BD7F}
	EndGlobalSection
	GlobalSection(ExtensibilityGlobals) = postSolution
		SolutionGuid = {F9238CD9-9068-4B63-8D9E-53684BA60A21}
	EndGlobalSection
EndGlobal
